// !$*UTF8*$!
{
	archiveVersion = 1;
	classes = {
	};
	objectVersion = 46;
	objects = {

/* Begin PBXBuildFile section */
		F4FE85B01C78BCE900088C10 /* main.m in Sources */ = {isa = PBXBuildFile; fileRef = F4FE85AF1C78BCE900088C10 /* main.m */; };
		F4FE85B31C78BCE900088C10 /* AppDelegate.m in Sources */ = {isa = PBXBuildFile; fileRef = F4FE85B21C78BCE900088C10 /* AppDelegate.m */; };
		F4FE85B61C78BCE900088C10 /* ViewController.m in Sources */ = {isa = PBXBuildFile; fileRef = F4FE85B51C78BCE900088C10 /* ViewController.m */; };
		F4FE85B91C78BCE900088C10 /* Main.storyboard in Resources */ = {isa = PBXBuildFile; fileRef = F4FE85B71C78BCE900088C10 /* Main.storyboard */; };
		F4FE85BB1C78BCE900088C10 /* Assets.xcassets in Resources */ = {isa = PBXBuildFile; fileRef = F4FE85BA1C78BCE900088C10 /* Assets.xcassets */; };
		F4FE85BE1C78BCE900088C10 /* LaunchScreen.storyboard in Resources */ = {isa = PBXBuildFile; fileRef = F4FE85BC1C78BCE900088C10 /* LaunchScreen.storyboard */; };
		F4FE85C81C78BD0E00088C10 /* DCAnimationCards.m in Sources */ = {isa = PBXBuildFile; fileRef = F4FE85C71C78BD0E00088C10 /* DCAnimationCards.m */; };
/* End PBXBuildFile section */

/* Begin PBXFileReference section */
		F4FE85AB1C78BCE900088C10 /* DCCardAnimationDemo.app */ = {isa = PBXFileReference; explicitFileType = wrapper.application; includeInIndex = 0; path = DCCardAnimationDemo.app; sourceTree = BUILT_PRODUCTS_DIR; };
		F4FE85AF1C78BCE900088C10 /* main.m */ = {isa = PBXFileReference; lastKnownFileType = sourcecode.c.objc; path = main.m; sourceTree = "<group>"; };
		F4FE85B11C78BCE900088C10 /* AppDelegate.h */ = {isa = PBXFileReference; lastKnownFileType = sourcecode.c.h; path = AppDelegate.h; sourceTree = "<group>"; };
		F4FE85B21C78BCE900088C10 /* AppDelegate.m */ = {isa = PBXFileReference; lastKnownFileType = sourcecode.c.objc; path = AppDelegate.m; sourceTree = "<group>"; };
		F4FE85B41C78BCE900088C10 /* ViewController.h */ = {isa = PBXFileReference; lastKnownFileType = sourcecode.c.h; path = ViewController.h; sourceTree = "<group>"; };
		F4FE85B51C78BCE900088C10 /* ViewController.m */ = {isa = PBXFileReference; lastKnownFileType = sourcecode.c.objc; path = ViewController.m; sourceTree = "<group>"; };
		F4FE85B81C78BCE900088C10 /* Base */ = {isa = PBXFileReference; lastKnownFileType = file.storyboard; name = Base; path = Base.lproj/Main.storyboard; sourceTree = "<group>"; };
		F4FE85BA1C78BCE900088C10 /* Assets.xcassets */ = {isa = PBXFileReference; lastKnownFileType = folder.assetcatalog; path = Assets.xcassets; sourceTree = "<group>"; };
		F4FE85BD1C78BCE900088C10 /* Base */ = {isa = PBXFileReference; lastKnownFileType = file.storyboard; name = Base; path = Base.lproj/LaunchScreen.storyboard; sourceTree = "<group>"; };
		F4FE85BF1C78BCE900088C10 /* Info.plist */ = {isa = PBXFileReference; lastKnownFileType = text.plist.xml; path = Info.plist; sourceTree = "<group>"; };
		F4FE85C61C78BD0E00088C10 /* DCAnimationCards.h */ = {isa = PBXFileReference; fileEncoding = 4; lastKnownFileType = sourcecode.c.h; path = DCAnimationCards.h; sourceTree = "<group>"; };
		F4FE85C71C78BD0E00088C10 /* DCAnimationCards.m */ = {isa = PBXFileReference; fileEncoding = 4; lastKnownFileType = sourcecode.c.objc; path = DCAnimationCards.m; sourceTree = "<group>"; };
/* End PBXFileReference section */

/* Begin PBXFrameworksBuildPhase section */
		F4FE85A81C78BCE900088C10 /* Frameworks */ = {
			isa = PBXFrameworksBuildPhase;
			buildActionMask = 2147483647;
			files = (
			);
			runOnlyForDeploymentPostprocessing = 0;
		};
/* End PBXFrameworksBuildPhase section */

/* Begin PBXGroup section */
		F4FE85A21C78BCE900088C10 = {
			isa = PBXGroup;
			children = (
				F4FE85AD1C78BCE900088C10 /* DCCardAnimationDemo */,
				F4FE85AC1C78BCE900088C10 /* Products */,
			);
			sourceTree = "<group>";
		};
		F4FE85AC1C78BCE900088C10 /* Products */ = {
			isa = PBXGroup;
			children = (
				F4FE85AB1C78BCE900088C10 /* DCCardAnimationDemo.app */,
			);
			name = Products;
			sourceTree = "<group>";
		};
		F4FE85AD1C78BCE900088C10 /* DCCardAnimationDemo */ = {
			isa = PBXGroup;
			children = (
				F4FE85C51C78BD0E00088C10 /* DCAnimationCards */,
				F4FE85B11C78BCE900088C10 /* AppDelegate.h */,
				F4FE85B21C78BCE900088C10 /* AppDelegate.m */,
				F4FE85B41C78BCE900088C10 /* ViewController.h */,
				F4FE85B51C78BCE900088C10 /* ViewController.m */,
				F4FE85B71C78BCE900088C10 /* Main.storyboard */,
				F4FE85BA1C78BCE900088C10 /* Assets.xcassets */,
				F4FE85BC1C78BCE900088C10 /* LaunchScreen.storyboard */,
				F4FE85BF1C78BCE900088C10 /* Info.plist */,
				F4FE85AE1C78BCE900088C10 /* Supporting Files */,
			);
			path = DCCardAnimationDemo;
			sourceTree = "<group>";
		};
		F4FE85AE1C78BCE900088C10 /* Supporting Files */ = {
			isa = PBXGroup;
			children = (
				F4FE85AF1C78BCE900088C10 /* main.m */,
			);
			name = "Supporting Files";
			sourceTree = "<group>";
		};
		F4FE85C51C78BD0E00088C10 /* DCAnimationCards */ = {
			isa = PBXGroup;
			children = (
				F4FE85C61C78BD0E00088C10 /* DCAnimationCards.h */,
				F4FE85C71C78BD0E00088C10 /* DCAnimationCards.m */,
			);
			path = DCAnimationCards;
			sourceTree = "<group>";
		};
/* End PBXGroup section */

/* Begin PBXNativeTarget section */
		F4FE85AA1C78BCE900088C10 /* DCCardAnimationDemo */ = {
			isa = PBXNativeTarget;
			buildConfigurationList = F4FE85C21C78BCE900088C10 /* Build configuration list for PBXNativeTarget "DCCardAnimationDemo" */;
			buildPhases = (
				F4FE85A71C78BCE900088C10 /* Sources */,
				F4FE85A81C78BCE900088C10 /* Frameworks */,
				F4FE85A91C78BCE900088C10 /* Resources */,
			);
			buildRules = (
			);
			dependencies = (
			);
			name = DCCardAnimationDemo;
			productName = DCCardAnimationDemo;
			productReference = F4FE85AB1C78BCE900088C10 /* DCCardAnimationDemo.app */;
			productType = "com.apple.product-type.application";
		};
/* End PBXNativeTarget section */

/* Begin PBXProject section */
		F4FE85A31C78BCE900088C10 /* Project object */ = {
			isa = PBXProject;
			attributes = {
				LastUpgradeCheck = 0720;
				ORGANIZATIONNAME = dawnnnnn;
				TargetAttributes = {
					F4FE85AA1C78BCE900088C10 = {
						CreatedOnToolsVersion = 7.2.1;
					};
				};
			};
			buildConfigurationList = F4FE85A61C78BCE900088C10 /* Build configuration list for PBXProject "DCCardAnimationDemo" */;
			compatibilityVersion = "Xcode 3.2";
			developmentRegion = English;
			hasScannedForEncodings = 0;
			knownRegions = (
				en,
				Base,
			);
			mainGroup = F4FE85A21C78BCE900088C10;
			productRefGroup = F4FE85AC1C78BCE900088C10 /* Products */;
			projectDirPath = "";
			projectRoot = "";
			targets = (
				F4FE85AA1C78BCE900088C10 /* DCCardAnimationDemo */,
			);
		};
/* End PBXProject section */

/* Begin PBXResourcesBuildPhase section */
		F4FE85A91C78BCE900088C10 /* Resources */ = {
			isa = PBXResourcesBuildPhase;
			buildActionMask = 2147483647;
			files = (
				F4FE85BE1C78BCE900088C10 /* LaunchScreen.storyboard in Resources */,
				F4FE85BB1C78BCE900088C10 /* Assets.xcassets in Resources */,
				F4FE85B91C78BCE900088C10 /* Main.storyboard in Resources */,
			);
			runOnlyForDeploymentPostprocessing = 0;
		};
/* End PBXResourcesBuildPhase section */

/* Begin PBXSourcesBuildPhase section */
		F4FE85A71C78BCE900088C10 /* Sources */ = {
			isa = PBXSourcesBuildPhase;
			buildActionMask = 2147483647;
			files = (
				F4FE85B61C78BCE900088C10 /* ViewController.m in Sources */,
				F4FE85C81C78BD0E00088C10 /* DCAnimationCards.m in Sources */,
				F4FE85B31C78BCE900088C10 /* AppDelegate.m in Sources */,
				F4FE85B01C78BCE900088C10 /* main.m in Sources */,
			);
			runOnlyForDeploymentPostprocessing = 0;
		};
/* End PBXSourcesBuildPhase section */

/* Begin PBXVariantGroup section */
		F4FE85B71C78BCE900088C10 /* Main.storyboard */ = {
			isa = PBXVariantGroup;
			children = (
				F4FE85B81C78BCE900088C10 /* Base */,
			);
			name = Main.storyboard;
			sourceTree = "<group>";
		};
		F4FE85BC1C78BCE900088C10 /* LaunchScreen.storyboard */ = {
			isa = PBXVariantGroup;
			children = (
				F4FE85BD1C78BCE900088C10 /* Base */,
			);
			name = LaunchScreen.storyboard;
			sourceTree = "<group>";
		};
/* End PBXVariantGroup section */

/* Begin XCBuildConfiguration section */
		F4FE85C01C78BCE900088C10 /* Debug */ = {
			isa = XCBuildConfiguration;
			buildSettings = {
				ALWAYS_SEARCH_USER_PATHS = NO;
				CLANG_CXX_LANGUAGE_STANDARD = "gnu++0x";
				CLANG_CXX_LIBRARY = "libc++";
				CLANG_ENABLE_MODULES = YES;
				CLANG_ENABLE_OBJC_ARC = YES;
				CLANG_WARN_BOOL_CONVERSION = YES;
				CLANG_WARN_CONSTANT_CONVERSION = YES;
				CLANG_WARN_DIRECT_OBJC_ISA_USAGE = YES_ERROR;
				CLANG_WARN_EMPTY_BODY = YES;
				CLANG_WARN_ENUM_CONVERSION = YES;
				CLANG_WARN_INT_CONVERSION = YES;
				CLANG_WARN_OBJC_ROOT_CLASS = YES_ERROR;
				CLANG_WARN_UNREACHABLE_CODE = YES;
				CLANG_WARN__DUPLICATE_METHOD_MATCH = YES;
				"CODE_SIGN_IDENTITY[sdk=iphoneos*]" = "iPhone Developer";
				COPY_PHASE_STRIP = NO;
				DEBUG_INFORMATION_FORMAT = dwarf;
				ENABLE_STRICT_OBJC_MSGSEND = YES;
				ENABLE_TESTABILITY = YES;
				GCC_C_LANGUAGE_STANDARD = gnu99;
				GCC_DYNAMIC_NO_PIC = NO;
				GCC_NO_COMMON_BLOCKS = YES;
				GCC_OPTIMIZATION_LEVEL = 0;
				GCC_PREPROCESSOR_DEFINITIONS = (
					"DEBUG=1",
					"$(inherited)",
				);
				GCC_WARN_64_TO_32_BIT_CONVERSION = YES;
				GCC_WARN_ABOUT_RETURN_TYPE = YES_ERROR;
				GCC_WARN_UNDECLARED_SELECTOR = YES;
				GCC_WARN_UNINITIALIZED_AUTOS = YES_AGGRESSIVE;
				GCC_WARN_UNUSED_FUNCTION = YES;
				GCC_WARN_UNUSED_VARIABLE = YES;
				IPHONEOS_DEPLOYMENT_TARGET = 9.2;
				MTL_ENABLE_DEBUG_INFO = YES;
				ONLY_ACTIVE_ARCH = YES;
				SDKROOT = iphoneos;
			};
			name = Debug;
		};
		F4FE85C11C78BCE900088C10 /* Release */ = {
			isa = XCBuildConfiguration;
			buildSettings = {
				ALWAYS_SEARCH_USER_PATHS = NO;
				CLANG_CXX_LANGUAGE_STANDARD = "gnu++0x";
				CLANG_CXX_LIBRARY = "libc++";
				CLANG_ENABLE_MODULES = YES;
				CLANG_ENABLE_OBJC_ARC = YES;
				CLANG_WARN_BOOL_CONVERSION = YES;
				CLANG_WARN_CONSTANT_CONVERSION = YES;
				CLANG_WARN_DIRECT_OBJC_ISA_USAGE = YES_ERROR;
				CLANG_WARN_EMPTY_BODY = YES;
				CLANG_WARN_ENUM_CONVERSION = YES;
				CLANG_WARN_INT_CONVERSION = YES;
				CLANG_WARN_OBJC_ROOT_CLASS = YES_ERROR;
				CLANG_WARN_UNREACHABLE_CODE = YES;
				CLANG_WARN__DUPLICATE_METHOD_MATCH = YES;
				"CODE_SIGN_IDENTITY[sdk=iphoneos*]" = "iPhone Developer";
				COPY_PHASE_STRIP = NO;
				DEBUG_INFORMATION_FORMAT = "dwarf-with-dsym";
				ENABLE_NS_ASSERTIONS = NO;
				ENABLE_STRICT_OBJC_MSGSEND = YES;
				GCC_C_LANGUAGE_STANDARD = gnu99;
				GCC_NO_COMMON_BLOCKS = YES;
				GCC_WARN_64_TO_32_BIT_CONVERSION = YES;
				GCC_WARN_ABOUT_RETURN_TYPE = YES_ERROR;
				GCC_WARN_UNDECLARED_SELECTOR = YES;
				GCC_WARN_UNINITIALIZED_AUTOS = YES_AGGRESSIVE;
				GCC_WARN_UNUSED_FUNCTION = YES;
				GCC_WARN_UNUSED_VARIABLE = YES;
				IPHONEOS_DEPLOYMENT_TARGET = 9.2;
				MTL_ENABLE_DEBUG_INFO = NO;
				SDKROOT = iphoneos;
				VALIDATE_PRODUCT = YES;
			};
			name = Release;
		};
		F4FE85C31C78BCE900088C10 /* Debug */ = {
			isa = XCBuildConfiguration;
			buildSettings = {
				ASSETCATALOG_COMPILER_APPICON_NAME = AppIcon;
				INFOPLIST_FILE = DCCardAnimationDemo/Info.plist;
				LD_RUNPATH_SEARCH_PATHS = "$(inherited) @executable_path/Frameworks";
				PRODUCT_BUNDLE_IDENTIFIER = com.laxiong.DCCardAnimationDemo;
				PRODUCT_NAME = "$(TARGET_NAME)";
			};
			name = Debug;
		};
		F4FE85C41C78BCE900088C10 /* Release */ = {
			isa = XCBuildConfiguration;
			buildSettings = {
				ASSETCATALOG_COMPILER_APPICON_NAME = AppIcon;
				INFOPLIST_FILE = DCCardAnimationDemo/Info.plist;
				LD_RUNPATH_SEARCH_PATHS = "$(inherited) @executable_path/Frameworks";
				PRODUCT_BUNDLE_IDENTIFIER = com.laxiong.DCCardAnimationDemo;
				PRODUCT_NAME = "$(TARGET_NAME)";
			};
			name = Release;
		};
/* End XCBuildConfiguration section */

/* Begin XCConfigurationList section */
		F4FE85A61C78BCE900088C10 /* Build configuration list for PBXProject "DCCardAnimationDemo" */ = {
			isa = XCConfigurationList;
			buildConfigurations = (
				F4FE85C01C78BCE900088C10 /* Debug */,
				F4FE85C11C78BCE900088C10 /* Release */,
			);
			defaultConfigurationIsVisible = 0;
			defaultConfigurationName = Release;
		};
		F4FE85C21C78BCE900088C10 /* Build configuration list for PBXNativeTarget "DCCardAnimationDemo" */ = {
			isa = XCConfigurationList;
			buildConfigurations = (
				F4FE85C31C78BCE900088C10 /* Debug */,
				F4FE85C41C78BCE900088C10 /* Release */,
			);
			defaultConfigurationIsVisible = 0;
		};
/* End XCConfigurationList section */
	};
	rootObject = F4FE85A31C78BCE900088C10 /* Project object */;
}
